{
  "requires": true,
  "lockfileVersion": 1,
  "dependencies": {
    "expo-constants": {
      "version": "5.0.1",
      "resolved": "https://registry.npmjs.org/expo-constants/-/expo-constants-5.0.1.tgz",
      "integrity": "sha512-Ny3teALKaE/jFzBg6DHr2GOoHpwQ/OLs3q3VugZOoR6hXCeVcCEP9MyNvhgn/cheeBDAa6UIgarv2Yufb5RMqQ==",
      "requires": {
        "ua-parser-js": "^0.7.19"
      }
    },
    "expo-localization": {
      "version": "5.0.1",
      "resolved": "https://registry.npmjs.org/expo-localization/-/expo-localization-5.0.1.tgz",
      "integrity": "sha512-tPubS0oSO9nI3rdqnhnuhegV1REE1h3ltXNgtKX9oj9gHeZ+j7trQChF4xb1IGwaKTVm/ur1f4mkhRpQddJIUg==",
      "requires": {
        "rtl-detect": "^1.0.2"
      }
    },
    "lodash.isfunction": {
      "version": "3.0.9",
      "resolved": "https://registry.npmjs.org/lodash.isfunction/-/lodash.isfunction-3.0.9.tgz",
      "integrity": "sha512-AirXNj15uRIMMPihnkInB4i3NHeb4iBtNg9WRWuK2o31S+ePwwNmDPaTL3o7dTJ+VXNZim7rFs4rxN4YU1oUJw=="
    },
    "lodash.isnil": {
      "version": "4.0.0",
      "resolved": "https://registry.npmjs.org/lodash.isnil/-/lodash.isnil-4.0.0.tgz",
      "integrity": "sha1-SeKM1VkBNFjIFMVHnTxmOiG/qmw="
    },
    "lodash.pick": {
      "version": "4.4.0",
      "resolved": "https://registry.npmjs.org/lodash.pick/-/lodash.pick-4.4.0.tgz",
      "integrity": "sha1-UvBWEP/53tQiYRRB7R/BI6AwAbM="
    },
    "react-native-version-check": {
      "version": "3.4.2",
      "resolved": "https://registry.npmjs.org/react-native-version-check/-/react-native-version-check-3.4.2.tgz",
      "integrity": "sha512-f2eHI6p60UlBzlcxuy4pQaGqCEmR5cNvRQuyG/pFydLdutYpa05zeg4KkTfHWdVmGHhiawyaAfto9QsnBZ70Ew==",
      "requires": {
        "lodash.isfunction": "^3.0.9",
        "lodash.isnil": "^4.0.0",
        "lodash.pick": "^4.4.0",
        "semver": "^6.1.1"
      }
    },
    "react-native-version-check-expo": {
      "version": "3.4.2",
      "resolved": "https://registry.npmjs.org/react-native-version-check-expo/-/react-native-version-check-expo-3.4.2.tgz",
      "integrity": "sha512-xUGYT1EOU6D/yreP+606F1BsMk28AKyy3G4MqGvP0R3TwowcAoBzbhh4DmfPcRAVMPl3SMQ+MyiSeBza3YMH+g==",
      "requires": {
        "expo-constants": "5.0.1",
        "expo-localization": "5.0.1",
        "react-native-version-check": "^3.4.2"
      }
    },
    "rtl-detect": {
      "version": "1.0.2",
      "resolved": "https://registry.npmjs.org/rtl-detect/-/rtl-detect-1.0.2.tgz",
      "integrity": "sha512-5X1422hvphzg2a/bo4tIDbjFjbJUOaPZwqE6dnyyxqwFqfR+tBcvfqapJr0o0VygATVCGKiODEewhZtKF+90AA=="
    },
    "semver": {
      "version": "6.3.0",
      "resolved": "https://registry.npmjs.org/semver/-/semver-6.3.0.tgz",
      "integrity": "sha512-b39TBaTSfV6yBrapU89p5fKekE2m/NwnDocOVruQFS1/veMgdzuPcnOM34M6CwxW8jH/lxEa5rBoDeUwu5HHTw=="
    },
    "ua-parser-js": {
      "version": "0.7.22",
      "resolved": "https://registry.npmjs.org/ua-parser-js/-/ua-parser-js-0.7.22.tgz",
      "integrity": "sha512-YUxzMjJ5T71w6a8WWVcMGM6YWOTX27rCoIQgLXiWaxqXSx9D7DNjiGWn1aJIRSQ5qr0xuhra77bSIh6voR/46Q=="
    }
  }
}
